{
  "name": "gemma-4-webgpu-kernels",
  "version": "1.0.0",
  "lockfileVersion": 3,
  "requires": true,
  "packages": {
    "": {
      "name": "gemma-4-webgpu-kernels",
      "version": "1.0.0",
      "license": "MIT",
      "dependencies": {
        "opencode-ai": "^1.18.23"
      }
    },
    "node_modules/opencode-ai": {
      "version": "1.18.23",
      "resolved": "https://registry.npmjs.org/opencode-ai/-/opencode-ai-1.18.23.tgz",
      "integrity": "sha512-3NkT0XINL7d0HYkTyGV1SPChHXhvRgKqNaTgKRTGb0TXUWszXA7MW/y3zMZw29y1AQuUDAzRvVYmQ9KGRQhroA==",
      "cpu": [
        "arm64",
        "x64"
      ],
      "hasInstallScript": true,
      "license": "MIT",
      "os": [
        "darwin",
        "linux",
        "win32"
      ],
      "bin": {
        "opencode": "bin/opencode.exe"
      },
      "optionalDependencies": {
        "opencode-darwin-arm64": "1.18.23",
        "opencode-darwin-x64": "1.18.23",
        "opencode-darwin-x64-baseline": "1.18.23",
        "opencode-linux-arm64": "1.18.23",
        "opencode-linux-arm64-musl": "1.18.23",
        "opencode-linux-x64": "1.18.23",
        "opencode-linux-x64-baseline": "1.18.23",
        "opencode-linux-x64-baseline-musl": "1.18.23",
        "opencode-linux-x64-musl": "1.18.23",
        "opencode-windows-arm64": "1.18.23",
        "opencode-windows-x64": "1.18.23",
        "opencode-windows-x64-baseline": "1.18.23"
      }
    },
    "node_modules/opencode-darwin-arm64": {
      "version": "1.18.23",
      "resolved": "https://registry.npmjs.org/opencode-darwin-arm64/-/opencode-darwin-arm64-1.18.23.tgz",
      "integrity": "sha512-QP9PjwpHtZoLVXw2WvUmPZecz7mWbQkT4t3K36B//fCaDG+zWa+SsztIeaW5azujNwwtUemLA5icE/zINng48Q==",
      "cpu": [
        "arm64"
      ],
      "optional": true,
      "os": [
        "darwin"
      ]
    },
    "node_modules/opencode-darwin-x64": {
      "version": "1.18.23",
      "resolved": "https://registry.npmjs.org/opencode-darwin-x64/-/opencode-darwin-x64-1.18.23.tgz",
      "integrity": "sha512-R9nWP3edz/0FnEfwmuxtiWBB7bS4NtZCyCffJyiMlrbwdDC+bIXYrWxWXVrzaP1mJujs6g2MAwTCUSx/qpBhDw==",
      "cpu": [
        "x64"
      ],
      "optional": true,
      "os": [
        "darwin"
      ]
    },
    "node_modules/opencode-darwin-x64-baseline": {
      "version": "1.18.23",
      "resolved": "https://registry.npmjs.org/opencode-darwin-x64-baseline/-/opencode-darwin-x64-baseline-1.18.23.tgz",
      "integrity": "sha512-QGx6I/nFYur7qJ/Nx2L3fC4XYQt44cyDsm7p8twNA+cdjGX3ndnPbMdAl5ikdZyAfSMUGYK8VWY2JMxv0rmfjw==",
      "cpu": [
        "x64"
      ],
      "optional": true,
      "os": [
        "darwin"
      ]
    },
    "node_modules/opencode-linux-arm64": {
      "version": "1.18.23",
      "resolved": "https://registry.npmjs.org/opencode-linux-arm64/-/opencode-linux-arm64-1.18.23.tgz",
      "integrity": "sha512-g1zDFhuE9FOYwjSGderlu69wfd4GQzS0xsDiIY11QUciuBmM6DrHqLvmhlLFsUVHYVnCPY1YeN1pq5ewE3x72Q==",
      "cpu": [
        "arm64"
      ],
      "optional": true,
      "os": [
        "linux"
      ]
    },
    "node_modules/opencode-linux-arm64-musl": {
      "version": "1.18.23",
      "resolved": "https://registry.npmjs.org/opencode-linux-arm64-musl/-/opencode-linux-arm64-musl-1.18.23.tgz",
      "integrity": "sha512-VyDkzUJfJgkx9h9RhazTW9xeTgSXBmVFPblsbPGBW9tR612f6gjQxfOfu4cpHnQHK1qjuW9ClzLKHWqv3EcJTA==",
      "cpu": [
        "arm64"
      ],
      "optional": true,
      "os": [
        "linux"
      ]
    },
    "node_modules/opencode-linux-x64": {
      "version": "1.18.23",
      "resolved": "https://registry.npmjs.org/opencode-linux-x64/-/opencode-linux-x64-1.18.23.tgz",
      "integrity": "sha512-5x9d1Cm/YtqzR6lAlNbgVprTQ3R3hx7qGTWCzm5l5u6lBNkhYTrhy2s8k25dxKKuxqZ9Kngqz9JYWvSVHy2Lmw==",
      "cpu": [
        "x64"
      ],
      "optional": true,
      "os": [
        "linux"
      ]
    },
    "node_modules/opencode-linux-x64-baseline": {
      "version": "1.18.23",
      "resolved": "https://registry.npmjs.org/opencode-linux-x64-baseline/-/opencode-linux-x64-baseline-1.18.23.tgz",
      "integrity": "sha512-yUhBOXfTQour2JCdAkwD3DDqSnyxB0grefwdPqEhYmJHIkYxfJIIzyy6V//pyouvkE0XMouFtiuZXw8S6Wo0iQ==",
      "cpu": [
        "x64"
      ],
      "optional": true,
      "os": [
        "linux"
      ]
    },
    "node_modules/opencode-linux-x64-baseline-musl": {
      "version": "1.18.23",
      "resolved": "https://registry.npmjs.org/opencode-linux-x64-baseline-musl/-/opencode-linux-x64-baseline-musl-1.18.23.tgz",
      "integrity": "sha512-c1DPxauhzAurlIBhJBr/rokDpc65l084T4qTl36gDDT9Xzc/Nk5Q5yMDaPm1DDI3WeHKDt11MDlxT5AjQW5gtw==",
      "cpu": [
        "x64"
      ],
      "optional": true,
      "os": [
        "linux"
      ]
    },
    "node_modules/opencode-linux-x64-musl": {
      "version": "1.18.23",
      "resolved": "https://registry.npmjs.org/opencode-linux-x64-musl/-/opencode-linux-x64-musl-1.18.23.tgz",
      "integrity": "sha512-t/5mlnTBZKdZpqKHwdwxlWqGakntauvMSmXtyJc17M7XJRmZaaGHtNSaSefbbYFIL4agoQCXTvIkhhyxOvr7zQ==",
      "cpu": [
        "x64"
      ],
      "optional": true,
      "os": [
        "linux"
      ]
    },
    "node_modules/opencode-windows-arm64": {
      "version": "1.18.23",
      "resolved": "https://registry.npmjs.org/opencode-windows-arm64/-/opencode-windows-arm64-1.18.23.tgz",
      "integrity": "sha512-QtJQcLU0yPz6on3jjks3f/EHgZuIDFw7FvAKu3wsHhL09NYDh7GczfRXDPRHa3NgqnU8dkB8p9mhqgaPRPogoQ==",
      "cpu": [
        "arm64"
      ],
      "optional": true,
      "os": [
        "win32"
      ]
    },
    "node_modules/opencode-windows-x64": {
      "version": "1.18.23",
      "resolved": "https://registry.npmjs.org/opencode-windows-x64/-/opencode-windows-x64-1.18.23.tgz",
      "integrity": "sha512-mMaIITuXzkNfjdcYL8uZaZuMDjulFyH/UCq9bxblam2mUZf9uWisoi5J6CXFsS/mkN7CZfTAt6PttSp4n3PH4g==",
      "cpu": [
        "x64"
      ],
      "optional": true,
      "os": [
        "win32"
      ]
    },
    "node_modules/opencode-windows-x64-baseline": {
      "version": "1.18.23",
      "resolved": "https://registry.npmjs.org/opencode-windows-x64-baseline/-/opencode-windows-x64-baseline-1.18.23.tgz",
      "integrity": "sha512-AqXsTKaPcDx3rrid5bLUwJbQ/3vr9rJ6fvOStIznTzwrbOgP8wy5G4jCoIzu6KB/WxGx/d1MrV4cGaJ73qnjBA==",
      "cpu": [
        "x64"
      ],
      "optional": true,
      "os": [
        "win32"
      ]
    }
  }
}
